
Microsoft Visual Studio Solution File, Format Version 12.00
# Visual Studio 15
VisualStudioVersion = 15.0.27428.2037
MinimumVisualStudioVersion = 10.0.40219.1
Project("{FAE04EC0-301F-11D3-BF4B-00C04F79EFBC}") = "Kaatsu", "Kaatsu\Kaatsu.csproj", "{8C6A4B0F-240E-4CC5-A463-87A07D4AF084}"
EndProject
Global
	GlobalSection(SolutionConfigurationPlatforms) = preSolution
		Debug|Any CPU = Debug|Any CPU
		Release|Any CPU = Release|Any CPU
	EndGlobalSection
	GlobalSection(ProjectConfigurationPlatforms) = postSolution
		{8C6A4B0F-240E-4CC5-A463-87A07D4AF084}.Debug|Any CPU.ActiveCfg = Debug|Any CPU
		{8C6A4B0F-240E-4CC5-A463-87A07D4AF084}.Debug|Any CPU.Build.0 = Debug|Any CPU
		{8C6A4B0F-240E-4CC5-A463-87A07D4AF084}.Release|Any CPU.ActiveCfg = Release|Any CPU
		{8C6A4B0F-240E-4CC5-A463-87A07D4AF084}.Release|Any CPU.Build.0 = Release|Any CPU
	EndGlobalSection
	GlobalSection(SolutionProperties) = preSolution
		HideSolutionNode = FALSE
	EndGlobalSection
	GlobalSection(ExtensibilityGlobals) = postSolution
		SolutionGuid = {397F436E-0D9E-406F-A926-66F2DFC78C64}
	EndGlobalSection
EndGlobal
